Microsoft Visual Studio Solution File, Format Version 11.00
# Visual Studio 2010
Project("{2150E333-8FDC-42A3-9474-1A3956D46DE8}") = "Solution Items", "Solution Items", "{B64CC9AA-878F-4690-9949-0C5784306CEE}"
	ProjectSection(SolutionItems) = preProject
		QuickRoute.UI\todo.txt = QuickRoute.UI\todo.txt
	EndProjectSection
EndProject
Project("{2150E333-8FDC-42A3-9474-1A3956D46DE8}") = "GPSDeviceReaders", "GPSDeviceReaders", "{8D875711-C954-4A8B-A492-42DD40EA190B}"
EndProject
Project("{2150E333-8FDC-42A3-9474-1A3956D46DE8}") = "Publishers", "Publishers", "{DECE96F3-CCEB-4FDD-A65A-5CB444EF8151}"
EndProject
Project("{FAE04EC0-301F-11D3-BF4B-00C04F79EFBC}") = "QuickRoute.UI", "QuickRoute.UI\QuickRoute.UI.csproj", "{953F40A2-9741-4BE8-B42E-59C603700281}"
EndProject
Project("{FAE04EC0-301F-11D3-BF4B-00C04F79EFBC}") = "QuickRoute.BusinessEntities", "QuickRoute.BusinessEntities\QuickRoute.BusinessEntities.csproj", "{A3FE7994-D8E2-4FF0-AE45-8BAA4ECECB61}"
EndProject
Project("{FAE04EC0-301F-11D3-BF4B-00C04F79EFBC}") = "QuickRoute.Controls", "QuickRoute.Controls\QuickRoute.Controls.csproj", "{D5755345-EE87-4B08-95D7-55DDDB331CFB}"
EndProject
Project("{FAE04EC0-301F-11D3-BF4B-00C04F79EFBC}") = "QuickRoute.PropertyControls", "QuickRoute.PropertyControls\QuickRoute.PropertyControls.csproj", "{4900715B-572B-4279-B704-29B0640612ED}"
EndProject
Project("{FAE04EC0-301F-11D3-BF4B-00C04F79EFBC}") = "QuickRoute.Resources", "QuickRoute.Resources\QuickRoute.Resources.csproj", "{2854A1FB-52F7-4197-A24E-E9977FD21563}"
EndProject
Project("{FAE04EC0-301F-11D3-BF4B-00C04F79EFBC}") = "GarminUSBReader", "GPSDeviceReaders\GarminUSBReader\GarminUSBReader.csproj", "{FFEC4820-9B6B-47E9-8594-B71A52081C1E}"
EndProject
Project("{FAE04EC0-301F-11D3-BF4B-00C04F79EFBC}") = "PolarRS800CXReader", "GPSDeviceReaders\PolarRS800CXReader\PolarRS800CXReader.csproj", "{D3448966-5499-4F7F-8999-6484B27B56C9}"
EndProject
Project("{FAE04EC0-301F-11D3-BF4B-00C04F79EFBC}") = "QuickRoute.Common", "QuickRoute.Common\QuickRoute.Common.csproj", "{7F93415F-ACEB-4B4F-8E6B-51D0B096F38E}"
EndProject
Project("{FAE04EC0-301F-11D3-BF4B-00C04F79EFBC}") = "DOMAPublisher", "Publishers\DOMAPublisher\DOMAPublisher.csproj", "{B7D88639-3248-4309-A687-94DC11EC2946}"
EndProject
Project("{FAE04EC0-301F-11D3-BF4B-00C04F79EFBC}") = "GlobalSatGH615MReader", "GPSDeviceReaders\GlobalSatGH615MReader\GlobalSatGH615MReader.csproj", "{81633CC3-9C5E-4C93-A9A6-876F6AE40883}"
EndProject
Project("{FAE04EC0-301F-11D3-BF4B-00C04F79EFBC}") = "JJConnectRegistratorSEReader", "GPSDeviceReaders\JJConnectRegistratorSEReader\JJConnectRegistratorSEReader.csproj", "{E91D684B-2DD8-4C50-8111-1940BFB427EE}"
EndProject
Project("{FAE04EC0-301F-11D3-BF4B-00C04F79EFBC}") = "SerialPortDeviceReader", "GPSDeviceReaders\SerialPortDeviceReader\SerialPortDeviceReader.csproj", "{11A24507-A39E-42A2-9662-0416E8A31597}"
EndProject
Project("{54435603-DBB4-11D2-8724-00A0C9A8B90C}") = "QuickRoute.Setup", "QuickRoute.Setup\QuickRoute.Setup.vdproj", "{51A04DBF-5723-4E8E-8F45-DE95A89D0C14}"
EndProject
Global
	GlobalSection(SolutionConfigurationPlatforms) = preSolution
		Debug|Any CPU = Debug|Any CPU
		Debug|x86 = Debug|x86
		Release|Any CPU = Release|Any CPU
		Release|x86 = Release|x86
	EndGlobalSection
	GlobalSection(ProjectConfigurationPlatforms) = postSolution
		{953F40A2-9741-4BE8-B42E-59C603700281}.Debug|Any CPU.ActiveCfg = Debug|Any CPU
		{953F40A2-9741-4BE8-B42E-59C603700281}.Debug|Any CPU.Build.0 = Debug|Any CPU
		{953F40A2-9741-4BE8-B42E-59C603700281}.Debug|x86.ActiveCfg = Debug|x86
		{953F40A2-9741-4BE8-B42E-59C603700281}.Debug|x86.Build.0 = Debug|x86
		{953F40A2-9741-4BE8-B42E-59C603700281}.Release|Any CPU.ActiveCfg = Release|Any CPU
		{953F40A2-9741-4BE8-B42E-59C603700281}.Release|Any CPU.Build.0 = Release|Any CPU
		{953F40A2-9741-4BE8-B42E-59C603700281}.Release|x86.ActiveCfg = Release|x86
		{953F40A2-9741-4BE8-B42E-59C603700281}.Release|x86.Build.0 = Release|x86
		{A3FE7994-D8E2-4FF0-AE45-8BAA4ECECB61}.Debug|Any CPU.ActiveCfg = Debug|Any CPU
		{A3FE7994-D8E2-4FF0-AE45-8BAA4ECECB61}.Debug|Any CPU.Build.0 = Debug|Any CPU
		{A3FE7994-D8E2-4FF0-AE45-8BAA4ECECB61}.Debug|x86.ActiveCfg = Debug|x86
		{A3FE7994-D8E2-4FF0-AE45-8BAA4ECECB61}.Debug|x86.Build.0 = Debug|x86
		{A3FE7994-D8E2-4FF0-AE45-8BAA4ECECB61}.Release|Any CPU.ActiveCfg = Release|Any CPU
		{A3FE7994-D8E2-4FF0-AE45-8BAA4ECECB61}.Release|Any CPU.Build.0 = Release|Any CPU
		{A3FE7994-D8E2-4FF0-AE45-8BAA4ECECB61}.Release|x86.ActiveCfg = Release|x86
		{A3FE7994-D8E2-4FF0-AE45-8BAA4ECECB61}.Release|x86.Build.0 = Release|x86
		{D5755345-EE87-4B08-95D7-55DDDB331CFB}.Debug|Any CPU.ActiveCfg = Debug|Any CPU
		{D5755345-EE87-4B08-95D7-55DDDB331CFB}.Debug|Any CPU.Build.0 = Debug|Any CPU
		{D5755345-EE87-4B08-95D7-55DDDB331CFB}.Debug|x86.ActiveCfg = Debug|x86
		{D5755345-EE87-4B08-95D7-55DDDB331CFB}.Debug|x86.Build.0 = Debug|x86
		{D5755345-EE87-4B08-95D7-55DDDB331CFB}.Release|Any CPU.ActiveCfg = Release|Any CPU
		{D5755345-EE87-4B08-95D7-55DDDB331CFB}.Release|Any CPU.Build.0 = Release|Any CPU
		{D5755345-EE87-4B08-95D7-55DDDB331CFB}.Release|x86.ActiveCfg = Release|x86
		{D5755345-EE87-4B08-95D7-55DDDB331CFB}.Release|x86.Build.0 = Release|x86
		{4900715B-572B-4279-B704-29B0640612ED}.Debug|Any CPU.ActiveCfg = Debug|Any CPU
		{4900715B-572B-4279-B704-29B0640612ED}.Debug|Any CPU.Build.0 = Debug|Any CPU
		{4900715B-572B-4279-B704-29B0640612ED}.Debug|x86.ActiveCfg = Debug|x86
		{4900715B-572B-4279-B704-29B0640612ED}.Debug|x86.Build.0 = Debug|x86
		{4900715B-572B-4279-B704-29B0640612ED}.Release|Any CPU.ActiveCfg = Release|Any CPU
		{4900715B-572B-4279-B704-29B0640612ED}.Release|Any CPU.Build.0 = Release|Any CPU
		{4900715B-572B-4279-B704-29B0640612ED}.Release|x86.ActiveCfg = Release|x86
		{4900715B-572B-4279-B704-29B0640612ED}.Release|x86.Build.0 = Release|x86
		{2854A1FB-52F7-4197-A24E-E9977FD21563}.Debug|Any CPU.ActiveCfg = Debug|Any CPU
		{2854A1FB-52F7-4197-A24E-E9977FD21563}.Debug|Any CPU.Build.0 = Debug|Any CPU
		{2854A1FB-52F7-4197-A24E-E9977FD21563}.Debug|x86.ActiveCfg = Debug|x86
		{2854A1FB-52F7-4197-A24E-E9977FD21563}.Debug|x86.Build.0 = Debug|x86
		{2854A1FB-52F7-4197-A24E-E9977FD21563}.Release|Any CPU.ActiveCfg = Release|Any CPU
		{2854A1FB-52F7-4197-A24E-E9977FD21563}.Release|Any CPU.Build.0 = Release|Any CPU
		{2854A1FB-52F7-4197-A24E-E9977FD21563}.Release|x86.ActiveCfg = Release|x86
		{2854A1FB-52F7-4197-A24E-E9977FD21563}.Release|x86.Build.0 = Release|x86
		{FFEC4820-9B6B-47E9-8594-B71A52081C1E}.Debug|Any CPU.ActiveCfg = Debug|Any CPU
		{FFEC4820-9B6B-47E9-8594-B71A52081C1E}.Debug|Any CPU.Build.0 = Debug|Any CPU
		{FFEC4820-9B6B-47E9-8594-B71A52081C1E}.Debug|x86.ActiveCfg = Debug|x86
		{FFEC4820-9B6B-47E9-8594-B71A52081C1E}.Debug|x86.Build.0 = Debug|x86
		{FFEC4820-9B6B-47E9-8594-B71A52081C1E}.Release|Any CPU.ActiveCfg = Release|Any CPU
		{FFEC4820-9B6B-47E9-8594-B71A52081C1E}.Release|Any CPU.Build.0 = Release|Any CPU
		{FFEC4820-9B6B-47E9-8594-B71A52081C1E}.Release|x86.ActiveCfg = Release|x86
		{FFEC4820-9B6B-47E9-8594-B71A52081C1E}.Release|x86.Build.0 = Release|x86
		{D3448966-5499-4F7F-8999-6484B27B56C9}.Debug|Any CPU.ActiveCfg = Debug|Any CPU
		{D3448966-5499-4F7F-8999-6484B27B56C9}.Debug|Any CPU.Build.0 = Debug|Any CPU
		{D3448966-5499-4F7F-8999-6484B27B56C9}.Debug|x86.ActiveCfg = Debug|x86
		{D3448966-5499-4F7F-8999-6484B27B56C9}.Debug|x86.Build.0 = Debug|x86
		{D3448966-5499-4F7F-8999-6484B27B56C9}.Release|Any CPU.ActiveCfg = Release|Any CPU
		{D3448966-5499-4F7F-8999-6484B27B56C9}.Release|Any CPU.Build.0 = Release|Any CPU
		{D3448966-5499-4F7F-8999-6484B27B56C9}.Release|x86.ActiveCfg = Release|x86
		{D3448966-5499-4F7F-8999-6484B27B56C9}.Release|x86.Build.0 = Release|x86
		{7F93415F-ACEB-4B4F-8E6B-51D0B096F38E}.Debug|Any CPU.ActiveCfg = Debug|Any CPU
		{7F93415F-ACEB-4B4F-8E6B-51D0B096F38E}.Debug|Any CPU.Build.0 = Debug|Any CPU
		{7F93415F-ACEB-4B4F-8E6B-51D0B096F38E}.Debug|x86.ActiveCfg = Debug|x86
		{7F93415F-ACEB-4B4F-8E6B-51D0B096F38E}.Debug|x86.Build.0 = Debug|x86
		{7F93415F-ACEB-4B4F-8E6B-51D0B096F38E}.Release|Any CPU.ActiveCfg = Release|Any CPU
		{7F93415F-ACEB-4B4F-8E6B-51D0B096F38E}.Release|Any CPU.Build.0 = Release|Any CPU
		{7F93415F-ACEB-4B4F-8E6B-51D0B096F38E}.Release|x86.ActiveCfg = Release|x86
		{7F93415F-ACEB-4B4F-8E6B-51D0B096F38E}.Release|x86.Build.0 = Release|x86
		{B7D88639-3248-4309-A687-94DC11EC2946}.Debug|Any CPU.ActiveCfg = Debug|Any CPU
		{B7D88639-3248-4309-A687-94DC11EC2946}.Debug|Any CPU.Build.0 = Debug|Any CPU
		{B7D88639-3248-4309-A687-94DC11EC2946}.Debug|x86.ActiveCfg = Debug|x86
		{B7D88639-3248-4309-A687-94DC11EC2946}.Debug|x86.Build.0 = Debug|x86
		{B7D88639-3248-4309-A687-94DC11EC2946}.Release|Any CPU.ActiveCfg = Release|Any CPU
		{B7D88639-3248-4309-A687-94DC11EC2946}.Release|Any CPU.Build.0 = Release|Any CPU
		{B7D88639-3248-4309-A687-94DC11EC2946}.Release|x86.ActiveCfg = Release|x86
		{B7D88639-3248-4309-A687-94DC11EC2946}.Release|x86.Build.0 = Release|x86
		{81633CC3-9C5E-4C93-A9A6-876F6AE40883}.Debug|Any CPU.ActiveCfg = Debug|Any CPU
		{81633CC3-9C5E-4C93-A9A6-876F6AE40883}.Debug|Any CPU.Build.0 = Debug|Any CPU
		{81633CC3-9C5E-4C93-A9A6-876F6AE40883}.Debug|x86.ActiveCfg = Debug|x86
		{81633CC3-9C5E-4C93-A9A6-876F6AE40883}.Debug|x86.Build.0 = Debug|x86
		{81633CC3-9C5E-4C93-A9A6-876F6AE40883}.Release|Any CPU.ActiveCfg = Release|Any CPU
		{81633CC3-9C5E-4C93-A9A6-876F6AE40883}.Release|Any CPU.Build.0 = Release|Any CPU
		{81633CC3-9C5E-4C93-A9A6-876F6AE40883}.Release|x86.ActiveCfg = Release|x86
		{81633CC3-9C5E-4C93-A9A6-876F6AE40883}.Release|x86.Build.0 = Release|x86
		{E91D684B-2DD8-4C50-8111-1940BFB427EE}.Debug|Any CPU.ActiveCfg = Debug|Any CPU
		{E91D684B-2DD8-4C50-8111-1940BFB427EE}.Debug|Any CPU.Build.0 = Debug|Any CPU
		{E91D684B-2DD8-4C50-8111-1940BFB427EE}.Debug|x86.ActiveCfg = Debug|x86
		{E91D684B-2DD8-4C50-8111-1940BFB427EE}.Debug|x86.Build.0 = Debug|x86
		{E91D684B-2DD8-4C50-8111-1940BFB427EE}.Release|Any CPU.ActiveCfg = Release|Any CPU
		{E91D684B-2DD8-4C50-8111-1940BFB427EE}.Release|Any CPU.Build.0 = Release|Any CPU
		{E91D684B-2DD8-4C50-8111-1940BFB427EE}.Release|x86.ActiveCfg = Release|x86
		{E91D684B-2DD8-4C50-8111-1940BFB427EE}.Release|x86.Build.0 = Release|x86
		{11A24507-A39E-42A2-9662-0416E8A31597}.Debug|Any CPU.ActiveCfg = Debug|Any CPU
		{11A24507-A39E-42A2-9662-0416E8A31597}.Debug|Any CPU.Build.0 = Debug|Any CPU
		{11A24507-A39E-42A2-9662-0416E8A31597}.Debug|x86.ActiveCfg = Debug|x86
		{11A24507-A39E-42A2-9662-0416E8A31597}.Debug|x86.Build.0 = Debug|x86
		{11A24507-A39E-42A2-9662-0416E8A31597}.Release|Any CPU.ActiveCfg = Release|Any CPU
		{11A24507-A39E-42A2-9662-0416E8A31597}.Release|Any CPU.Build.0 = Release|Any CPU
		{11A24507-A39E-42A2-9662-0416E8A31597}.Release|x86.ActiveCfg = Release|x86
		{11A24507-A39E-42A2-9662-0416E8A31597}.Release|x86.Build.0 = Release|x86
		{51A04DBF-5723-4E8E-8F45-DE95A89D0C14}.Debug|Any CPU.ActiveCfg = Debug
		{51A04DBF-5723-4E8E-8F45-DE95A89D0C14}.Debug|Any CPU.Build.0 = Debug
		{51A04DBF-5723-4E8E-8F45-DE95A89D0C14}.Debug|x86.ActiveCfg = Debug
		{51A04DBF-5723-4E8E-8F45-DE95A89D0C14}.Debug|x86.Build.0 = Debug
		{51A04DBF-5723-4E8E-8F45-DE95A89D0C14}.Release|Any CPU.ActiveCfg = Release
		{51A04DBF-5723-4E8E-8F45-DE95A89D0C14}.Release|Any CPU.Build.0 = Release
		{51A04DBF-5723-4E8E-8F45-DE95A89D0C14}.Release|x86.ActiveCfg = Release
		{51A04DBF-5723-4E8E-8F45-DE95A89D0C14}.Release|x86.Build.0 = Release
	EndGlobalSection
	GlobalSection(SolutionProperties) = preSolution
		HideSolutionNode = FALSE
	EndGlobalSection
	GlobalSection(NestedProjects) = preSolution
		{FFEC4820-9B6B-47E9-8594-B71A52081C1E} = {8D875711-C954-4A8B-A492-42DD40EA190B}
		{D3448966-5499-4F7F-8999-6484B27B56C9} = {8D875711-C954-4A8B-A492-42DD40EA190B}
		{81633CC3-9C5E-4C93-A9A6-876F6AE40883} = {8D875711-C954-4A8B-A492-42DD40EA190B}
		{E91D684B-2DD8-4C50-8111-1940BFB427EE} = {8D875711-C954-4A8B-A492-42DD40EA190B}
		{11A24507-A39E-42A2-9662-0416E8A31597} = {8D875711-C954-4A8B-A492-42DD40EA190B}
		{B7D88639-3248-4309-A687-94DC11EC2946} = {DECE96F3-CCEB-4FDD-A65A-5CB444EF8151}
	EndGlobalSection
EndGlobal
